
Microsoft Visual Studio Solution File, Format Version 12.00
# Visual Studio 14
VisualStudioVersion = 14.0.25420.1
MinimumVisualStudioVersion = 10.0.40219.1
Project("{2150E333-8FDC-42A3-9474-1A3956D46DE8}") = "0 - Presentation", "0 - Presentation", "{E693A420-2778-47BF-984C-38074F3CE882}"
EndProject
Project("{2150E333-8FDC-42A3-9474-1A3956D46DE8}") = "1 - Services", "1 - Services", "{041CD6C5-5C56-4BDA-92A5-00DA32FF40A7}"
EndProject
Project("{2150E333-8FDC-42A3-9474-1A3956D46DE8}") = "2 - Application", "2 - Application", "{2DDFBD7C-E42E-4BB4-AC5A-898B27C26C05}"
EndProject
Project("{2150E333-8FDC-42A3-9474-1A3956D46DE8}") = "3 - Domain", "3 - Domain", "{259EE7FB-3A74-44F5-9E73-1473BD772061}"
EndProject
Project("{2150E333-8FDC-42A3-9474-1A3956D46DE8}") = "4 - Infra", "4 - Infra", "{E6B4492F-323E-4967-9CE8-44273A0B59A4}"
EndProject
Project("{2150E333-8FDC-42A3-9474-1A3956D46DE8}") = "4.1 - Data", "4.1 - Data", "{DF561DE9-E18F-4CCA-AF2D-8E583C255FAB}"
EndProject
Project("{2150E333-8FDC-42A3-9474-1A3956D46DE8}") = "4.1 - CrossCutting", "4.1 - CrossCutting", "{A0452BA9-4C37-4E2A-9150-FF879FA1163E}"
EndProject
Project("{FAE04EC0-301F-11D3-BF4B-00C04F79EFBC}") = "BrunoofArch.MVC", "ProjetoModeloDDD.MVC\BrunoofArch.MVC.csproj", "{41A57B21-8D25-4F1A-81E0-3313B456A2BF}"
EndProject
Project("{FAE04EC0-301F-11D3-BF4B-00C04F79EFBC}") = "BrunoofArch.Domain", "ProjetoModeloDDD.Domain\BrunoofArch.Domain.csproj", "{984CB356-B992-441E-BF81-A36D1B30ADD0}"
EndProject
Project("{FAE04EC0-301F-11D3-BF4B-00C04F79EFBC}") = "BrunoofArch.Infra.Data", "ProjetoModeloDDD.Infra.Data\BrunoofArch.Infra.Data.csproj", "{89389CAE-3B3A-4365-A012-D33AF64A829C}"
EndProject
Project("{FAE04EC0-301F-11D3-BF4B-00C04F79EFBC}") = "BrunoofArch.Application", "ProjetoModeloDDD.Application\BrunoofArch.Application.csproj", "{04BB3549-5197-4106-992A-BBF275A138C6}"
EndProject
Project("{2150E333-8FDC-42A3-9474-1A3956D46DE8}") = "5 - Templates", "5 - Templates", "{72715627-80AD-4EE4-BE68-EE392FA72E71}"
EndProject
Project("{2150E333-8FDC-42A3-9474-1A3956D46DE8}") = "0.1 - WebApi", "0.1 - WebApi", "{F7D7D85D-7D77-4CE1-84A4-2D0B4F44EB37}"
EndProject
Project("{2150E333-8FDC-42A3-9474-1A3956D46DE8}") = "0.2 - Web", "0.2 - Web", "{FC4A2D59-4421-42DF-9713-43BC2FCFBB7E}"
EndProject
Project("{FAE04EC0-301F-11D3-BF4B-00C04F79EFBC}") = "ProjetoModeloDDD.Vue", "ProjetoModeloDDD.Vue\ProjetoModeloDDD.Vue.csproj", "{2FFC2949-1F50-4FC7-97A3-9C5A97AF55E3}"
EndProject
Global
	GlobalSection(SolutionConfigurationPlatforms) = preSolution
		Debug|Any CPU = Debug|Any CPU
		Release|Any CPU = Release|Any CPU
	EndGlobalSection
	GlobalSection(ProjectConfigurationPlatforms) = postSolution
		{41A57B21-8D25-4F1A-81E0-3313B456A2BF}.Debug|Any CPU.ActiveCfg = Debug|Any CPU
		{41A57B21-8D25-4F1A-81E0-3313B456A2BF}.Debug|Any CPU.Build.0 = Debug|Any CPU
		{41A57B21-8D25-4F1A-81E0-3313B456A2BF}.Release|Any CPU.ActiveCfg = Release|Any CPU
		{41A57B21-8D25-4F1A-81E0-3313B456A2BF}.Release|Any CPU.Build.0 = Release|Any CPU
		{984CB356-B992-441E-BF81-A36D1B30ADD0}.Debug|Any CPU.ActiveCfg = Debug|Any CPU
		{984CB356-B992-441E-BF81-A36D1B30ADD0}.Debug|Any CPU.Build.0 = Debug|Any CPU
		{984CB356-B992-441E-BF81-A36D1B30ADD0}.Release|Any CPU.ActiveCfg = Release|Any CPU
		{984CB356-B992-441E-BF81-A36D1B30ADD0}.Release|Any CPU.Build.0 = Release|Any CPU
		{89389CAE-3B3A-4365-A012-D33AF64A829C}.Debug|Any CPU.ActiveCfg = Debug|Any CPU
		{89389CAE-3B3A-4365-A012-D33AF64A829C}.Debug|Any CPU.Build.0 = Debug|Any CPU
		{89389CAE-3B3A-4365-A012-D33AF64A829C}.Release|Any CPU.ActiveCfg = Release|Any CPU
		{89389CAE-3B3A-4365-A012-D33AF64A829C}.Release|Any CPU.Build.0 = Release|Any CPU
		{04BB3549-5197-4106-992A-BBF275A138C6}.Debug|Any CPU.ActiveCfg = Debug|Any CPU
		{04BB3549-5197-4106-992A-BBF275A138C6}.Debug|Any CPU.Build.0 = Debug|Any CPU
		{04BB3549-5197-4106-992A-BBF275A138C6}.Release|Any CPU.ActiveCfg = Release|Any CPU
		{04BB3549-5197-4106-992A-BBF275A138C6}.Release|Any CPU.Build.0 = Release|Any CPU
		{2FFC2949-1F50-4FC7-97A3-9C5A97AF55E3}.Debug|Any CPU.ActiveCfg = Debug|Any CPU
		{2FFC2949-1F50-4FC7-97A3-9C5A97AF55E3}.Debug|Any CPU.Build.0 = Debug|Any CPU
		{2FFC2949-1F50-4FC7-97A3-9C5A97AF55E3}.Release|Any CPU.ActiveCfg = Release|Any CPU
		{2FFC2949-1F50-4FC7-97A3-9C5A97AF55E3}.Release|Any CPU.Build.0 = Release|Any CPU
	EndGlobalSection
	GlobalSection(SolutionProperties) = preSolution
		HideSolutionNode = FALSE
	EndGlobalSection
	GlobalSection(NestedProjects) = preSolution
		{DF561DE9-E18F-4CCA-AF2D-8E583C255FAB} = {E6B4492F-323E-4967-9CE8-44273A0B59A4}
		{A0452BA9-4C37-4E2A-9150-FF879FA1163E} = {E6B4492F-323E-4967-9CE8-44273A0B59A4}
		{41A57B21-8D25-4F1A-81E0-3313B456A2BF} = {FC4A2D59-4421-42DF-9713-43BC2FCFBB7E}
		{984CB356-B992-441E-BF81-A36D1B30ADD0} = {259EE7FB-3A74-44F5-9E73-1473BD772061}
		{89389CAE-3B3A-4365-A012-D33AF64A829C} = {DF561DE9-E18F-4CCA-AF2D-8E583C255FAB}
		{04BB3549-5197-4106-992A-BBF275A138C6} = {2DDFBD7C-E42E-4BB4-AC5A-898B27C26C05}
		{F7D7D85D-7D77-4CE1-84A4-2D0B4F44EB37} = {E693A420-2778-47BF-984C-38074F3CE882}
		{FC4A2D59-4421-42DF-9713-43BC2FCFBB7E} = {E693A420-2778-47BF-984C-38074F3CE882}
		{2FFC2949-1F50-4FC7-97A3-9C5A97AF55E3} = {72715627-80AD-4EE4-BE68-EE392FA72E71}
	EndGlobalSection
EndGlobal
